{
  "originHash" : "84985c40032040f4b596814137de2fbd5db2719f3a15083cadbb2287a0b73d9a",
  "pins" : [
    {
      "identity" : "swift-package-manager-google-mobile-ads",
      "kind" : "remoteSourceControl",
      "location" : "https://github.com/googleads/swift-package-manager-google-mobile-ads.git",
      "state" : {
        "revision" : "585b1decdb5aab02c0695032908e87684ec31705",
        "version" : "12.3.0"
      }
    },
    {
      "identity" : "swift-package-manager-google-user-messaging-platform",
      "kind" : "remoteSourceControl",
      "location" : "https://github.com/googleads/swift-package-manager-google-user-messaging-platform.git",
      "state" : {
        "revision" : "69b53394c5258b3fe688e625a998047d1f393497",
        "version" : "3.0.0"
      }
    }
  ],
  "version" : 3
}
